PODS:
  - cunning_document_scanner_plus (1.0.0):
    - Flutter
  - Flutter (1.0.0)
  - flutter_image_compress_common (1.0.0):
    - Flutter
    - Mantle
    - SDWebImage
    - SDWebImageWebPCoder
  - flutter_native_splash (2.4.3):
    - Flutter
  - flutter_pdfview (1.0.2):
    - Flutter
  - image_cropper (0.0.4):
    - Flutter
    - TOCropViewController (~> 2.8.0)
  - image_gallery_saver_plus (0.0.1):
    - Flutter
  - image_picker_ios (0.0.1):
    - Flutter
  - libwebp (1.5.0):
    - libwebp/demux (= 1.5.0)
    - libwebp/mux (= 1.5.0)
    - libwebp/sharpyuv (= 1.5.0)
    - libwebp/webp (= 1.5.0)
  - libwebp/demux (1.5.0):
    - libwebp/webp
  - libwebp/mux (1.5.0):
    - libwebp/demux
  - libwebp/sharpyuv (1.5.0)
  - libwebp/webp (1.5.0):
    - libwebp/sharpyuv
  - Mantle (2.2.0):
    - Mantle/extobjc (= 2.2.0)
  - Mantle/extobjc (2.2.0)
  - objective_c (0.0.1):
    - Flutter
  - open_file_manager (0.1.1):
    - Flutter
  - permission_handler_apple (9.3.0):
    - Flutter
  - printing (1.0.0):
    - Flutter
  - SDWebImage (5.21.3):
    - SDWebImage/Core (= 5.21.3)
  - SDWebImage/Core (5.21.3)
  - SDWebImageWebPCoder (0.15.0):
    - libwebp (~> 1.0)
    - SDWebImage/Core (~> 5.17)
  - share_plus (0.0.1):
    - Flutter
  - shared_preferences_foundation (0.0.1):
    - Flutter
    - FlutterMacOS
  - TOCropViewController (2.8.0)

DEPENDENCIES:
  - cunning_document_scanner_plus (from `.symlinks/plugins/cunning_document_scanner_plus/ios`)
  - Flutter (from `Flutter`)
  - flutter_image_compress_common (from `.symlinks/plugins/flutter_image_compress_common/ios`)
  - flutter_native_splash (from `.symlinks/plugins/flutter_native_splash/ios`)
  - flutter_pdfview (from `.symlinks/plugins/flutter_pdfview/ios`)
  - image_cropper (from `.symlinks/plugins/image_cropper/ios`)
  - image_gallery_saver_plus (from `.symlinks/plugins/image_gallery_saver_plus/ios`)
  - image_picker_ios (from `.symlinks/plugins/image_picker_ios/ios`)
  - objective_c (from `.symlinks/plugins/objective_c/ios`)
  - open_file_manager (from `.symlinks/plugins/open_file_manager/ios`)
  - permission_handler_apple (from `.symlinks/plugins/permission_handler_apple/ios`)
  - printing (from `.symlinks/plugins/printing/ios`)
  - share_plus (from `.symlinks/plugins/share_plus/ios`)
  - shared_preferences_foundation (from `.symlinks/plugins/shared_preferences_foundation/darwin`)

SPEC REPOS:
  trunk:
    - libwebp
    - Mantle
    - SDWebImage
    - SDWebImageWebPCoder
    - TOCropViewController

EXTERNAL SOURCES:
  cunning_document_scanner_plus:
    :path: ".symlinks/plugins/cunning_document_scanner_plus/ios"
  Flutter:
    :path: Flutter
  flutter_image_compress_common:
    :path: ".symlinks/plugins/flutter_image_compress_common/ios"
  flutter_native_splash:
    :path: ".symlinks/plugins/flutter_native_splash/ios"
  flutter_pdfview:
    :path: ".symlinks/plugins/flutter_pdfview/ios"
  image_cropper:
    :path: ".symlinks/plugins/image_cropper/ios"
  image_gallery_saver_plus:
    :path: ".symlinks/plugins/image_gallery_saver_plus/ios"
  image_picker_ios:
    :path: ".symlinks/plugins/image_picker_ios/ios"
  objective_c:
    :path: ".symlinks/plugins/objective_c/ios"
  open_file_manager:
    :path: ".symlinks/plugins/open_file_manager/ios"
  permission_handler_apple:
    :path: ".symlinks/plugins/permission_handler_apple/ios"
  printing:
    :path: ".symlinks/plugins/printing/ios"
  share_plus:
    :path: ".symlinks/plugins/share_plus/ios"
  shared_preferences_foundation:
    :path: ".symlinks/plugins/shared_preferences_foundation/darwin"

SPEC CHECKSUMS:
  cunning_document_scanner_plus: 098cac53b739c094ab032725df3a0c94cc420a58
  Flutter: cabc95a1d2626b1b06e7179b784ebcf0c0cde467
  flutter_image_compress_common: ec1d45c362c9d30a3f6a0426c297f47c52007e3e
  flutter_native_splash: df59bb2e1421aa0282cb2e95618af4dcb0c56c29
  flutter_pdfview: 2e4d13ffb774858562ffbdfdb61b40744b191adc
  image_cropper: b8ef14d3fcff4040b0f9da2ca28d98219a5cba0e
  image_gallery_saver_plus: 782ade975fe6a4600b53e7c1983e3a2979d1e9e5
  image_picker_ios: 4f2f91b01abdb52842a8e277617df877e40f905b
  libwebp: 02b23773aedb6ff1fd38cec7a77b81414c6842a8
  Mantle: c5aa8794a29a022dfbbfc9799af95f477a69b62d
  objective_c: 77e887b5ba1827970907e10e832eec1683f3431d
  open_file_manager: 1917fdd1bae7afc9236da9bd1a4b0c8cb5b81d0c
  permission_handler_apple: 9878588469a2b0d0fc1e048d9f43605f92e6cec2
  printing: 233e1b73bd1f4a05615548e9b5a324c98588640b
  SDWebImage: 16309af6d214ba3f77a7c6f6fdda888cb313a50a
  SDWebImageWebPCoder: 0e06e365080397465cc73a7a9b472d8a3bd0f377
  share_plus: 8b6f8b3447e494cca5317c8c3073de39b3600d1f
  shared_preferences_foundation: 5086985c1d43c5ba4d5e69a4e8083a389e2909e6
  TOCropViewController: 797deaf39c90e6e9ddd848d88817f6b9a8a09888

PODFILE CHECKSUM: 80e97705efdda04e9db328975c27ffc34f707542

COCOAPODS: 1.16.2
